// !$*UTF8*$!
{
	archiveVersion = 1;
	classes = {
	};
	objectVersion = 50;
	objects = {

/* Begin PBXBuildFile section */
		5090871E1F99B380A10CC763 /* Pods_testTests.framework in Frameworks */ = {isa = PBXBuildFile; fileRef = D852C331293C95BED0A9B25E /* Pods_testTests.framework */; };
		8929BF19219EDC0B0070AAAC /* AppDelegate.swift in Sources */ = {isa = PBXBuildFile; fileRef = 8929BF18219EDC0B0070AAAC /* AppDelegate.swift */; };
		8929BF1B219EDC0B0070AAAC /* MasterViewController.swift in Sources */ = {isa = PBXBuildFile; fileRef = 8929BF1A219EDC0B0070AAAC /* MasterViewController.swift */; };
		8929BF1E219EDC0B0070AAAC /* Main.storyboard in Resources */ = {isa = PBXBuildFile; fileRef = 8929BF1C219EDC0B0070AAAC /* Main.storyboard */; };
		8929BF20219EDC0C0070AAAC /* Assets.xcassets in Resources */ = {isa = PBXBuildFile; fileRef = 8929BF1F219EDC0C0070AAAC /* Assets.xcassets */; };
		8929BF23219EDC0C0070AAAC /* LaunchScreen.storyboard in Resources */ = {isa = PBXBuildFile; fileRef = 8929BF21219EDC0C0070AAAC /* LaunchScreen.storyboard */; };
		8929BF2E219EDC0C0070AAAC /* testTests.swift in Sources */ = {isa = PBXBuildFile; fileRef = 8929BF2D219EDC0C0070AAAC /* testTests.swift */; };
		8929BF39219EDC0C0070AAAC /* testUITests.swift in Sources */ = {isa = PBXBuildFile; fileRef = 8929BF38219EDC0C0070AAAC /* testUITests.swift */; };
		89D85EB421A3E96600555D71 /* OAuth2Manager.swift in Sources */ = {isa = PBXBuildFile; fileRef = 89D85EB321A3E96600555D71 /* OAuth2Manager.swift */; };
		89D85EB621A3E9B900555D71 /* NetworkViewController.swift in Sources */ = {isa = PBXBuildFile; fileRef = 89D85EB521A3E9B900555D71 /* NetworkViewController.swift */; };
		89D85EB921A3ECB400555D71 /* LocationManager.swift in Sources */ = {isa = PBXBuildFile; fileRef = 89D85EB821A3ECB400555D71 /* LocationManager.swift */; };
		89D85EBD21A3ECBE00555D71 /* LocationTableViewCell.swift in Sources */ = {isa = PBXBuildFile; fileRef = 89D85EBB21A3ECBE00555D71 /* LocationTableViewCell.swift */; };
		89D85EBE21A3ECBE00555D71 /* LocationsViewController.swift in Sources */ = {isa = PBXBuildFile; fileRef = 89D85EBC21A3ECBE00555D71 /* LocationsViewController.swift */; };
		89E5FF9121A3F1A200855E9B /* LocationReporterViewController.swift in Sources */ = {isa = PBXBuildFile; fileRef = 89E5FF9021A3F1A200855E9B /* LocationReporterViewController.swift */; };
		89E5FF9421A3F33800855E9B /* mapstogpx20181025_080944.gpx in Resources */ = {isa = PBXBuildFile; fileRef = 89E5FF9221A3F33800855E9B /* mapstogpx20181025_080944.gpx */; };
		89E5FF9521A3F33800855E9B /* Task1.gpx in Resources */ = {isa = PBXBuildFile; fileRef = 89E5FF9321A3F33800855E9B /* Task1.gpx */; };
		89F9A2D8219EF266008F3778 /* NotificationViewController.swift in Sources */ = {isa = PBXBuildFile; fileRef = 89F9A2D7219EF266008F3778 /* NotificationViewController.swift */; };
		914F52BB472191C74317604D /* Pods_testUITests.framework in Frameworks */ = {isa = PBXBuildFile; fileRef = 47F914D9DE6158EE53640FA9 /* Pods_testUITests.framework */; };
		B4CE2EDFAFA2CA354299A3C2 /* Pods_test.framework in Frameworks */ = {isa = PBXBuildFile; fileRef = 13C4F9E4344D3FABF196697E /* Pods_test.framework */; };
/* End PBXBuildFile section */

/* Begin PBXContainerItemProxy section */
		8929BF2A219EDC0C0070AAAC /* PBXContainerItemProxy */ = {
			isa = PBXContainerItemProxy;
			containerPortal = 8929BF0D219EDC0B0070AAAC /* Project object */;
			proxyType = 1;
			remoteGlobalIDString = 8929BF14219EDC0B0070AAAC;
			remoteInfo = test;
		};
		8929BF35219EDC0C0070AAAC /* PBXContainerItemProxy */ = {
			isa = PBXContainerItemProxy;
			containerPortal = 8929BF0D219EDC0B0070AAAC /* Project object */;
			proxyType = 1;
			remoteGlobalIDString = 8929BF14219EDC0B0070AAAC;
			remoteInfo = test;
		};
/* End PBXContainerItemProxy section */

/* Begin PBXFileReference section */
		13C4F9E4344D3FABF196697E /* Pods_test.framework */ = {isa = PBXFileReference; explicitFileType = wrapper.framework; includeInIndex = 0; path = Pods_test.framework; sourceTree = BUILT_PRODUCTS_DIR; };
		36844F5A5AFC6BC4A527E8DD /* Pods-testUITests.release.xcconfig */ = {isa = PBXFileReference; includeInIndex = 1; lastKnownFileType = text.xcconfig; name = "Pods-testUITests.release.xcconfig"; path = "Pods/Target Support Files/Pods-testUITests/Pods-testUITests.release.xcconfig"; sourceTree = "<group>"; };
		47F914D9DE6158EE53640FA9 /* Pods_testUITests.framework */ = {isa = PBXFileReference; explicitFileType = wrapper.framework; includeInIndex = 0; path = Pods_testUITests.framework; sourceTree = BUILT_PRODUCTS_DIR; };
		487919E726A30CF96AD0136B /* Pods-test.release.xcconfig */ = {isa = PBXFileReference; includeInIndex = 1; lastKnownFileType = text.xcconfig; name = "Pods-test.release.xcconfig"; path = "Pods/Target Support Files/Pods-test/Pods-test.release.xcconfig"; sourceTree = "<group>"; };
		4A8936F34E890D659C52DEA1 /* Pods-testTests.release.xcconfig */ = {isa = PBXFileReference; includeInIndex = 1; lastKnownFileType = text.xcconfig; name = "Pods-testTests.release.xcconfig"; path = "Pods/Target Support Files/Pods-testTests/Pods-testTests.release.xcconfig"; sourceTree = "<group>"; };
		649C93065C8F8AE9F7F66814 /* Pods-testTests.debug.xcconfig */ = {isa = PBXFileReference; includeInIndex = 1; lastKnownFileType = text.xcconfig; name = "Pods-testTests.debug.xcconfig"; path = "Pods/Target Support Files/Pods-testTests/Pods-testTests.debug.xcconfig"; sourceTree = "<group>"; };
		8929BF15219EDC0B0070AAAC /* test.app */ = {isa = PBXFileReference; explicitFileType = wrapper.application; includeInIndex = 0; path = test.app; sourceTree = BUILT_PRODUCTS_DIR; };
		8929BF18219EDC0B0070AAAC /* AppDelegate.swift */ = {isa = PBXFileReference; lastKnownFileType = sourcecode.swift; path = AppDelegate.swift; sourceTree = "<group>"; };
		8929BF1A219EDC0B0070AAAC /* MasterViewController.swift */ = {isa = PBXFileReference; lastKnownFileType = sourcecode.swift; path = MasterViewController.swift; sourceTree = "<group>"; };
		8929BF1D219EDC0B0070AAAC /* Base */ = {isa = PBXFileReference; lastKnownFileType = file.storyboard; name = Base; path = Base.lproj/Main.storyboard; sourceTree = "<group>"; };
		8929BF1F219EDC0C0070AAAC /* Assets.xcassets */ = {isa = PBXFileReference; lastKnownFileType = folder.assetcatalog; path = Assets.xcassets; sourceTree = "<group>"; };
		8929BF22219EDC0C0070AAAC /* Base */ = {isa = PBXFileReference; lastKnownFileType = file.storyboard; name = Base; path = Base.lproj/LaunchScreen.storyboard; sourceTree = "<group>"; };
		8929BF24219EDC0C0070AAAC /* Info.plist */ = {isa = PBXFileReference; lastKnownFileType = text.plist.xml; path = Info.plist; sourceTree = "<group>"; };
		8929BF29219EDC0C0070AAAC /* testTests.xctest */ = {isa = PBXFileReference; explicitFileType = wrapper.cfbundle; includeInIndex = 0; path = testTests.xctest; sourceTree = BUILT_PRODUCTS_DIR; };
		8929BF2D219EDC0C0070AAAC /* testTests.swift */ = {isa = PBXFileReference; lastKnownFileType = sourcecode.swift; path = testTests.swift; sourceTree = "<group>"; };
		8929BF2F219EDC0C0070AAAC /* Info.plist */ = {isa = PBXFileReference; lastKnownFileType = text.plist.xml; path = Info.plist; sourceTree = "<group>"; };
		8929BF34219EDC0C0070AAAC /* testUITests.xctest */ = {isa = PBXFileReference; explicitFileType = wrapper.cfbundle; includeInIndex = 0; path = testUITests.xctest; sourceTree = BUILT_PRODUCTS_DIR; };
		8929BF38219EDC0C0070AAAC /* testUITests.swift */ = {isa = PBXFileReference; lastKnownFileType = sourcecode.swift; path = testUITests.swift; sourceTree = "<group>"; };
		8929BF3A219EDC0C0070AAAC /* Info.plist */ = {isa = PBXFileReference; lastKnownFileType = text.plist.xml; path = Info.plist; sourceTree = "<group>"; };
		89D85EB321A3E96600555D71 /* OAuth2Manager.swift */ = {isa = PBXFileReference; fileEncoding = 4; lastKnownFileType = sourcecode.swift; path = OAuth2Manager.swift; sourceTree = "<group>"; };
		89D85EB521A3E9B900555D71 /* NetworkViewController.swift */ = {isa = PBXFileReference; lastKnownFileType = sourcecode.swift; name = NetworkViewController.swift; path = View/NetworkViewController.swift; sourceTree = SOURCE_ROOT; };
		89D85EB821A3ECB400555D71 /* LocationManager.swift */ = {isa = PBXFileReference; fileEncoding = 4; lastKnownFileType = sourcecode.swift; path = LocationManager.swift; sourceTree = "<group>"; };
		89D85EBB21A3ECBE00555D71 /* LocationTableViewCell.swift */ = {isa = PBXFileReference; fileEncoding = 4; lastKnownFileType = sourcecode.swift; path = LocationTableViewCell.swift; sourceTree = "<group>"; };
		89D85EBC21A3ECBE00555D71 /* LocationsViewController.swift */ = {isa = PBXFileReference; fileEncoding = 4; lastKnownFileType = sourcecode.swift; path = LocationsViewController.swift; sourceTree = "<group>"; };
		89E5FF9021A3F1A200855E9B /* LocationReporterViewController.swift */ = {isa = PBXFileReference; lastKnownFileType = sourcecode.swift; path = LocationReporterViewController.swift; sourceTree = "<group>"; };
		89E5FF9221A3F33800855E9B /* mapstogpx20181025_080944.gpx */ = {isa = PBXFileReference; fileEncoding = 4; lastKnownFileType = text.xml; path = mapstogpx20181025_080944.gpx; sourceTree = "<group>"; };
		89E5FF9321A3F33800855E9B /* Task1.gpx */ = {isa = PBXFileReference; fileEncoding = 4; lastKnownFileType = text.xml; path = Task1.gpx; sourceTree = "<group>"; };
		89F9A2D7219EF266008F3778 /* NotificationViewController.swift */ = {isa = PBXFileReference; lastKnownFileType = sourcecode.swift; path = NotificationViewController.swift; sourceTree = "<group>"; };
		8EFADD309E236BFBFA5A40B0 /* Pods-test.debug.xcconfig */ = {isa = PBXFileReference; includeInIndex = 1; lastKnownFileType = text.xcconfig; name = "Pods-test.debug.xcconfig"; path = "Pods/Target Support Files/Pods-test/Pods-test.debug.xcconfig"; sourceTree = "<group>"; };
		8F4EFDE842222B1DFAABCA05 /* Pods-testUITests.debug.xcconfig */ = {isa = PBXFileReference; includeInIndex = 1; lastKnownFileType = text.xcconfig; name = "Pods-testUITests.debug.xcconfig"; path = "Pods/Target Support Files/Pods-testUITests/Pods-testUITests.debug.xcconfig"; sourceTree = "<group>"; };
		D852C331293C95BED0A9B25E /* Pods_testTests.framework */ = {isa = PBXFileReference; explicitFileType = wrapper.framework; includeInIndex = 0; path = Pods_testTests.framework; sourceTree = BUILT_PRODUCTS_DIR; };
/* End PBXFileReference section */

/* Begin PBXFrameworksBuildPhase section */
		8929BF12219EDC0B0070AAAC /* Frameworks */ = {
			isa = PBXFrameworksBuildPhase;
			buildActionMask = 2147483647;
			files = (
				B4CE2EDFAFA2CA354299A3C2 /* Pods_test.framework in Frameworks */,
			);
			runOnlyForDeploymentPostprocessing = 0;
		};
		8929BF26219EDC0C0070AAAC /* Frameworks */ = {
			isa = PBXFrameworksBuildPhase;
			buildActionMask = 2147483647;
			files = (
				5090871E1F99B380A10CC763 /* Pods_testTests.framework in Frameworks */,
			);
			runOnlyForDeploymentPostprocessing = 0;
		};
		8929BF31219EDC0C0070AAAC /* Frameworks */ = {
			isa = PBXFrameworksBuildPhase;
			buildActionMask = 2147483647;
			files = (
				914F52BB472191C74317604D /* Pods_testUITests.framework in Frameworks */,
			);
			runOnlyForDeploymentPostprocessing = 0;
		};
/* End PBXFrameworksBuildPhase section */

/* Begin PBXGroup section */
		1F82D936E1C720A20D0D0A99 /* Pods */ = {
			isa = PBXGroup;
			children = (
				8EFADD309E236BFBFA5A40B0 /* Pods-test.debug.xcconfig */,
				487919E726A30CF96AD0136B /* Pods-test.release.xcconfig */,
				649C93065C8F8AE9F7F66814 /* Pods-testTests.debug.xcconfig */,
				4A8936F34E890D659C52DEA1 /* Pods-testTests.release.xcconfig */,
				8F4EFDE842222B1DFAABCA05 /* Pods-testUITests.debug.xcconfig */,
				36844F5A5AFC6BC4A527E8DD /* Pods-testUITests.release.xcconfig */,
			);
			name = Pods;
			sourceTree = "<group>";
		};
		8929BF0C219EDC0B0070AAAC = {
			isa = PBXGroup;
			children = (
				89E5FF9221A3F33800855E9B /* mapstogpx20181025_080944.gpx */,
				89E5FF9321A3F33800855E9B /* Task1.gpx */,
				8929BF17219EDC0B0070AAAC /* test */,
				8929BF2C219EDC0C0070AAAC /* testTests */,
				8929BF37219EDC0C0070AAAC /* testUITests */,
				8929BF16219EDC0B0070AAAC /* Products */,
				1F82D936E1C720A20D0D0A99 /* Pods */,
				A815131B8856D08F137B6DC3 /* Frameworks */,
			);
			sourceTree = "<group>";
		};
		8929BF16219EDC0B0070AAAC /* Products */ = {
			isa = PBXGroup;
			children = (
				8929BF15219EDC0B0070AAAC /* test.app */,
				8929BF29219EDC0C0070AAAC /* testTests.xctest */,
				8929BF34219EDC0C0070AAAC /* testUITests.xctest */,
			);
			name = Products;
			sourceTree = "<group>";
		};
		8929BF17219EDC0B0070AAAC /* test */ = {
			isa = PBXGroup;
			children = (
				89D85EBA21A3ECBE00555D71 /* View */,
				89D85EB221A3E92200555D71 /* Manager */,
				8929BF18219EDC0B0070AAAC /* AppDelegate.swift */,
				8929BF1A219EDC0B0070AAAC /* MasterViewController.swift */,
				8929BF1C219EDC0B0070AAAC /* Main.storyboard */,
				8929BF1F219EDC0C0070AAAC /* Assets.xcassets */,
				8929BF21219EDC0C0070AAAC /* LaunchScreen.storyboard */,
				8929BF24219EDC0C0070AAAC /* Info.plist */,
			);
			path = test;
			sourceTree = "<group>";
		};
		8929BF2C219EDC0C0070AAAC /* testTests */ = {
			isa = PBXGroup;
			children = (
				8929BF2D219EDC0C0070AAAC /* testTests.swift */,
				8929BF2F219EDC0C0070AAAC /* Info.plist */,
			);
			path = testTests;
			sourceTree = "<group>";
		};
		8929BF37219EDC0C0070AAAC /* testUITests */ = {
			isa = PBXGroup;
			children = (
				8929BF38219EDC0C0070AAAC /* testUITests.swift */,
				8929BF3A219EDC0C0070AAAC /* Info.plist */,
			);
			path = testUITests;
			sourceTree = "<group>";
		};
		89D85EB221A3E92200555D71 /* Manager */ = {
			isa = PBXGroup;
			children = (
				89D85EB821A3ECB400555D71 /* LocationManager.swift */,
				89D85EB321A3E96600555D71 /* OAuth2Manager.swift */,
			);
			path = Manager;
			sourceTree = "<group>";
		};
		89D85EBA21A3ECBE00555D71 /* View */ = {
			isa = PBXGroup;
			children = (
				89D85EBF21A3ECE200555D71 /* Cell */,
				89F9A2D7219EF266008F3778 /* NotificationViewController.swift */,
				89D85EB521A3E9B900555D71 /* NetworkViewController.swift */,
				89D85EBC21A3ECBE00555D71 /* LocationsViewController.swift */,
				89E5FF9021A3F1A200855E9B /* LocationReporterViewController.swift */,
			);
			path = View;
			sourceTree = SOURCE_ROOT;
		};
		89D85EBF21A3ECE200555D71 /* Cell */ = {
			isa = PBXGroup;
			children = (
				89D85EBB21A3ECBE00555D71 /* LocationTableViewCell.swift */,
			);
			path = Cell;
			sourceTree = "<group>";
		};
		A815131B8856D08F137B6DC3 /* Frameworks */ = {
			isa = PBXGroup;
			children = (
				13C4F9E4344D3FABF196697E /* Pods_test.framework */,
				D852C331293C95BED0A9B25E /* Pods_testTests.framework */,
				47F914D9DE6158EE53640FA9 /* Pods_testUITests.framework */,
			);
			name = Frameworks;
			sourceTree = "<group>";
		};
/* End PBXGroup section */

/* Begin PBXNativeTarget section */
		8929BF14219EDC0B0070AAAC /* test */ = {
			isa = PBXNativeTarget;
			buildConfigurationList = 8929BF3D219EDC0C0070AAAC /* Build configuration list for PBXNativeTarget "test" */;
			buildPhases = (
				623253949A5D19F77BC45FC1 /* [CP] Check Pods Manifest.lock */,
				8929BF11219EDC0B0070AAAC /* Sources */,
				8929BF12219EDC0B0070AAAC /* Frameworks */,
				8929BF13219EDC0B0070AAAC /* Resources */,
				4334A39DA19FFE96E8A4CDDB /* [CP] Embed Pods Frameworks */,
				B8BD32084B21169EEDB48A70 /* [CP] Copy Pods Resources */,
			);
			buildRules = (
			);
			dependencies = (
			);
			name = test;
			productName = test;
			productReference = 8929BF15219EDC0B0070AAAC /* test.app */;
			productType = "com.apple.product-type.application";
		};
		8929BF28219EDC0C0070AAAC /* testTests */ = {
			isa = PBXNativeTarget;
			buildConfigurationList = 8929BF40219EDC0C0070AAAC /* Build configuration list for PBXNativeTarget "testTests" */;
			buildPhases = (
				037D9FC14DD951CAB5BCAE48 /* [CP] Check Pods Manifest.lock */,
				8929BF25219EDC0C0070AAAC /* Sources */,
				8929BF26219EDC0C0070AAAC /* Frameworks */,
				8929BF27219EDC0C0070AAAC /* Resources */,
				3B90EB38E0C76F9A61D20845 /* [CP] Embed Pods Frameworks */,
				A2049543D4560BB1524ECCE6 /* [CP] Copy Pods Resources */,
			);
			buildRules = (
			);
			dependencies = (
				8929BF2B219EDC0C0070AAAC /* PBXTargetDependency */,
			);
			name = testTests;
			productName = testTests;
			productReference = 8929BF29219EDC0C0070AAAC /* testTests.xctest */;
			productType = "com.apple.product-type.bundle.unit-test";
		};
		8929BF33219EDC0C0070AAAC /* testUITests */ = {
			isa = PBXNativeTarget;
			buildConfigurationList = 8929BF43219EDC0C0070AAAC /* Build configuration list for PBXNativeTarget "testUITests" */;
			buildPhases = (
				F2ECC2C4701B4DE60A3F8413 /* [CP] Check Pods Manifest.lock */,
				8929BF30219EDC0C0070AAAC /* Sources */,
				8929BF31219EDC0C0070AAAC /* Frameworks */,
				8929BF32219EDC0C0070AAAC /* Resources */,
				0599C46F1298915E7DA09016 /* [CP] Embed Pods Frameworks */,
				F4A87F39B50E26CF39DECD57 /* [CP] Copy Pods Resources */,
			);
			buildRules = (
			);
			dependencies = (
				8929BF36219EDC0C0070AAAC /* PBXTargetDependency */,
			);
			name = testUITests;
			productName = testUITests;
			productReference = 8929BF34219EDC0C0070AAAC /* testUITests.xctest */;
			productType = "com.apple.product-type.bundle.ui-testing";
		};
/* End PBXNativeTarget section */

/* Begin PBXProject section */
		8929BF0D219EDC0B0070AAAC /* Project object */ = {
			isa = PBXProject;
			attributes = {
				LastSwiftUpdateCheck = 1000;
				LastUpgradeCheck = 1000;
				ORGANIZATIONNAME = Arrivy;
				TargetAttributes = {
					8929BF14219EDC0B0070AAAC = {
						CreatedOnToolsVersion = 10.0;
						SystemCapabilities = {
							com.apple.BackgroundModes = {
								enabled = 1;
							};
						};
					};
					8929BF28219EDC0C0070AAAC = {
						CreatedOnToolsVersion = 10.0;
						TestTargetID = 8929BF14219EDC0B0070AAAC;
					};
					8929BF33219EDC0C0070AAAC = {
						CreatedOnToolsVersion = 10.0;
						TestTargetID = 8929BF14219EDC0B0070AAAC;
					};
				};
			};
			buildConfigurationList = 8929BF10219EDC0B0070AAAC /* Build configuration list for PBXProject "test" */;
			compatibilityVersion = "Xcode 9.3";
			developmentRegion = en;
			hasScannedForEncodings = 0;
			knownRegions = (
				en,
				Base,
			);
			mainGroup = 8929BF0C219EDC0B0070AAAC;
			productRefGroup = 8929BF16219EDC0B0070AAAC /* Products */;
			projectDirPath = "";
			projectRoot = "";
			targets = (
				8929BF14219EDC0B0070AAAC /* test */,
				8929BF28219EDC0C0070AAAC /* testTests */,
				8929BF33219EDC0C0070AAAC /* testUITests */,
			);
		};
/* End PBXProject section */

/* Begin PBXResourcesBuildPhase section */
		8929BF13219EDC0B0070AAAC /* Resources */ = {
			isa = PBXResourcesBuildPhase;
			buildActionMask = 2147483647;
			files = (
				89E5FF9521A3F33800855E9B /* Task1.gpx in Resources */,
				8929BF23219EDC0C0070AAAC /* LaunchScreen.storyboard in Resources */,
				8929BF20219EDC0C0070AAAC /* Assets.xcassets in Resources */,
				8929BF1E219EDC0B0070AAAC /* Main.storyboard in Resources */,
				89E5FF9421A3F33800855E9B /* mapstogpx20181025_080944.gpx in Resources */,
			);
			runOnlyForDeploymentPostprocessing = 0;
		};
		8929BF27219EDC0C0070AAAC /* Resources */ = {
			isa = PBXResourcesBuildPhase;
			buildActionMask = 2147483647;
			files = (
			);
			runOnlyForDeploymentPostprocessing = 0;
		};
		8929BF32219EDC0C0070AAAC /* Resources */ = {
			isa = PBXResourcesBuildPhase;
			buildActionMask = 2147483647;
			files = (
			);
			runOnlyForDeploymentPostprocessing = 0;
		};
/* End PBXResourcesBuildPhase section */

/* Begin PBXShellScriptBuildPhase section */
		037D9FC14DD951CAB5BCAE48 /* [CP] Check Pods Manifest.lock */ = {
			isa = PBXShellScriptBuildPhase;
			buildActionMask = 2147483647;
			files = (
			);
			inputPaths = (
				"${PODS_PODFILE_DIR_PATH}/Podfile.lock",
				"${PODS_ROOT}/Manifest.lock",
			);
			name = "[CP] Check Pods Manifest.lock";
			outputPaths = (
				"$(DERIVED_FILE_DIR)/Pods-testTests-checkManifestLockResult.txt",
			);
			runOnlyForDeploymentPostprocessing = 0;
			shellPath = /bin/sh;
			shellScript = "diff \"${PODS_PODFILE_DIR_PATH}/Podfile.lock\" \"${PODS_ROOT}/Manifest.lock\" > /dev/null\nif [ $? != 0 ] ; then\n    # print error to STDERR\n    echo \"error: The sandbox is not in sync with the Podfile.lock. Run 'pod install' or update your CocoaPods installation.\" >&2\n    exit 1\nfi\n# This output is used by Xcode 'outputs' to avoid re-running this script phase.\necho \"SUCCESS\" > \"${SCRIPT_OUTPUT_FILE_0}\"\n";
			showEnvVarsInLog = 0;
		};
		0599C46F1298915E7DA09016 /* [CP] Embed Pods Frameworks */ = {
			isa = PBXShellScriptBuildPhase;
			buildActionMask = 2147483647;
			files = (
			);
			inputPaths = (
			);
			name = "[CP] Embed Pods Frameworks";
			outputPaths = (
			);
			runOnlyForDeploymentPostprocessing = 0;
			shellPath = /bin/sh;
			shellScript = "\"${SRCROOT}/Pods/Target Support Files/Pods-testUITests/Pods-testUITests-frameworks.sh\"\n";
			showEnvVarsInLog = 0;
		};
		3B90EB38E0C76F9A61D20845 /* [CP] Embed Pods Frameworks */ = {
			isa = PBXShellScriptBuildPhase;
			buildActionMask = 2147483647;
			files = (
			);
			inputPaths = (
			);
			name = "[CP] Embed Pods Frameworks";
			outputPaths = (
			);
			runOnlyForDeploymentPostprocessing = 0;
			shellPath = /bin/sh;
			shellScript = "\"${SRCROOT}/Pods/Target Support Files/Pods-testTests/Pods-testTests-frameworks.sh\"\n";
			showEnvVarsInLog = 0;
		};
		4334A39DA19FFE96E8A4CDDB /* [CP] Embed Pods Frameworks */ = {
			isa = PBXShellScriptBuildPhase;
			buildActionMask = 2147483647;
			files = (
			);
			inputPaths = (
				"${SRCROOT}/Pods/Target Support Files/Pods-test/Pods-test-frameworks.sh",
				"${BUILT_PRODUCTS_DIR}/Alamofire/Alamofire.framework",
			);
			name = "[CP] Embed Pods Frameworks";
			outputPaths = (
				"${TARGET_BUILD_DIR}/${FRAMEWORKS_FOLDER_PATH}/Alamofire.framework",
			);
			runOnlyForDeploymentPostprocessing = 0;
			shellPath = /bin/sh;
			shellScript = "\"${SRCROOT}/Pods/Target Support Files/Pods-test/Pods-test-frameworks.sh\"\n";
			showEnvVarsInLog = 0;
		};
		623253949A5D19F77BC45FC1 /* [CP] Check Pods Manifest.lock */ = {
			isa = PBXShellScriptBuildPhase;
			buildActionMask = 2147483647;
			files = (
			);
			inputPaths = (
				"${PODS_PODFILE_DIR_PATH}/Podfile.lock",
				"${PODS_ROOT}/Manifest.lock",
			);
			name = "[CP] Check Pods Manifest.lock";
			outputPaths = (
				"$(DERIVED_FILE_DIR)/Pods-test-checkManifestLockResult.txt",
			);
			runOnlyForDeploymentPostprocessing = 0;
			shellPath = /bin/sh;
			shellScript = "diff \"${PODS_PODFILE_DIR_PATH}/Podfile.lock\" \"${PODS_ROOT}/Manifest.lock\" > /dev/null\nif [ $? != 0 ] ; then\n    # print error to STDERR\n    echo \"error: The sandbox is not in sync with the Podfile.lock. Run 'pod install' or update your CocoaPods installation.\" >&2\n    exit 1\nfi\n# This output is used by Xcode 'outputs' to avoid re-running this script phase.\necho \"SUCCESS\" > \"${SCRIPT_OUTPUT_FILE_0}\"\n";
			showEnvVarsInLog = 0;
		};
		A2049543D4560BB1524ECCE6 /* [CP] Copy Pods Resources */ = {
			isa = PBXShellScriptBuildPhase;
			buildActionMask = 2147483647;
			files = (
			);
			inputPaths = (
			);
			name = "[CP] Copy Pods Resources";
			outputPaths = (
			);
			runOnlyForDeploymentPostprocessing = 0;
			shellPath = /bin/sh;
			shellScript = "\"${SRCROOT}/Pods/Target Support Files/Pods-testTests/Pods-testTests-resources.sh\"\n";
			showEnvVarsInLog = 0;
		};
		B8BD32084B21169EEDB48A70 /* [CP] Copy Pods Resources */ = {
			isa = PBXShellScriptBuildPhase;
			buildActionMask = 2147483647;
			files = (
			);
			inputPaths = (
			);
			name = "[CP] Copy Pods Resources";
			outputPaths = (
			);
			runOnlyForDeploymentPostprocessing = 0;
			shellPath = /bin/sh;
			shellScript = "\"${SRCROOT}/Pods/Target Support Files/Pods-test/Pods-test-resources.sh\"\n";
			showEnvVarsInLog = 0;
		};
		F2ECC2C4701B4DE60A3F8413 /* [CP] Check Pods Manifest.lock */ = {
			isa = PBXShellScriptBuildPhase;
			buildActionMask = 2147483647;
			files = (
			);
			inputPaths = (
				"${PODS_PODFILE_DIR_PATH}/Podfile.lock",
				"${PODS_ROOT}/Manifest.lock",
			);
			name = "[CP] Check Pods Manifest.lock";
			outputPaths = (
				"$(DERIVED_FILE_DIR)/Pods-testUITests-checkManifestLockResult.txt",
			);
			runOnlyForDeploymentPostprocessing = 0;
			shellPath = /bin/sh;
			shellScript = "diff \"${PODS_PODFILE_DIR_PATH}/Podfile.lock\" \"${PODS_ROOT}/Manifest.lock\" > /dev/null\nif [ $? != 0 ] ; then\n    # print error to STDERR\n    echo \"error: The sandbox is not in sync with the Podfile.lock. Run 'pod install' or update your CocoaPods installation.\" >&2\n    exit 1\nfi\n# This output is used by Xcode 'outputs' to avoid re-running this script phase.\necho \"SUCCESS\" > \"${SCRIPT_OUTPUT_FILE_0}\"\n";
			showEnvVarsInLog = 0;
		};
		F4A87F39B50E26CF39DECD57 /* [CP] Copy Pods Resources */ = {
			isa = PBXShellScriptBuildPhase;
			buildActionMask = 2147483647;
			files = (
			);
			inputPaths = (
			);
			name = "[CP] Copy Pods Resources";
			outputPaths = (
			);
			runOnlyForDeploymentPostprocessing = 0;
			shellPath = /bin/sh;
			shellScript = "\"${SRCROOT}/Pods/Target Support Files/Pods-testUITests/Pods-testUITests-resources.sh\"\n";
			showEnvVarsInLog = 0;
		};
/* End PBXShellScriptBuildPhase section */

/* Begin PBXSourcesBuildPhase section */
		8929BF11219EDC0B0070AAAC /* Sources */ = {
			isa = PBXSourcesBuildPhase;
			buildActionMask = 2147483647;
			files = (
				89D85EB421A3E96600555D71 /* OAuth2Manager.swift in Sources */,
				89D85EBD21A3ECBE00555D71 /* LocationTableViewCell.swift in Sources */,
				89E5FF9121A3F1A200855E9B /* LocationReporterViewController.swift in Sources */,
				8929BF1B219EDC0B0070AAAC /* MasterViewController.swift in Sources */,
				89D85EBE21A3ECBE00555D71 /* LocationsViewController.swift in Sources */,
				89D85EB921A3ECB400555D71 /* LocationManager.swift in Sources */,
				8929BF19219EDC0B0070AAAC /* AppDelegate.swift in Sources */,
				89D85EB621A3E9B900555D71 /* NetworkViewController.swift in Sources */,
				89F9A2D8219EF266008F3778 /* NotificationViewController.swift in Sources */,
			);
			runOnlyForDeploymentPostprocessing = 0;
		};
		8929BF25219EDC0C0070AAAC /* Sources */ = {
			isa = PBXSourcesBuildPhase;
			buildActionMask = 2147483647;
			files = (
				8929BF2E219EDC0C0070AAAC /* testTests.swift in Sources */,
			);
			runOnlyForDeploymentPostprocessing = 0;
		};
		8929BF30219EDC0C0070AAAC /* Sources */ = {
			isa = PBXSourcesBuildPhase;
			buildActionMask = 2147483647;
			files = (
				8929BF39219EDC0C0070AAAC /* testUITests.swift in Sources */,
			);
			runOnlyForDeploymentPostprocessing = 0;
		};
/* End PBXSourcesBuildPhase section */

/* Begin PBXTargetDependency section */
		8929BF2B219EDC0C0070AAAC /* PBXTargetDependency */ = {
			isa = PBXTargetDependency;
			target = 8929BF14219EDC0B0070AAAC /* test */;
			targetProxy = 8929BF2A219EDC0C0070AAAC /* PBXContainerItemProxy */;
		};
		8929BF36219EDC0C0070AAAC /* PBXTargetDependency */ = {
			isa = PBXTargetDependency;
			target = 8929BF14219EDC0B0070AAAC /* test */;
			targetProxy = 8929BF35219EDC0C0070AAAC /* PBXContainerItemProxy */;
		};
/* End PBXTargetDependency section */

/* Begin PBXVariantGroup section */
		8929BF1C219EDC0B0070AAAC /* Main.storyboard */ = {
			isa = PBXVariantGroup;
			children = (
				8929BF1D219EDC0B0070AAAC /* Base */,
			);
			name = Main.storyboard;
			sourceTree = "<group>";
		};
		8929BF21219EDC0C0070AAAC /* LaunchScreen.storyboard */ = {
			isa = PBXVariantGroup;
			children = (
				8929BF22219EDC0C0070AAAC /* Base */,
			);
			name = LaunchScreen.storyboard;
			sourceTree = "<group>";
		};
/* End PBXVariantGroup section */

/* Begin XCBuildConfiguration section */
		8929BF3B219EDC0C0070AAAC /* Debug */ = {
			isa = XCBuildConfiguration;
			buildSettings = {
				ALWAYS_SEARCH_USER_PATHS = NO;
				CLANG_ANALYZER_NONNULL = YES;
				CLANG_ANALYZER_NUMBER_OBJECT_CONVERSION = YES_AGGRESSIVE;
				CLANG_CXX_LANGUAGE_STANDARD = "gnu++14";
				CLANG_CXX_LIBRARY = "libc++";
				CLANG_ENABLE_MODULES = YES;
				CLANG_ENABLE_OBJC_ARC = YES;
				CLANG_ENABLE_OBJC_WEAK = YES;
				CLANG_WARN_BLOCK_CAPTURE_AUTORELEASING = YES;
				CLANG_WARN_BOOL_CONVERSION = YES;
				CLANG_WARN_COMMA = YES;
				CLANG_WARN_CONSTANT_CONVERSION = YES;
				CLANG_WARN_DEPRECATED_OBJC_IMPLEMENTATIONS = YES;
				CLANG_WARN_DIRECT_OBJC_ISA_USAGE = YES_ERROR;
				CLANG_WARN_DOCUMENTATION_COMMENTS = YES;
				CLANG_WARN_EMPTY_BODY = YES;
				CLANG_WARN_ENUM_CONVERSION = YES;
				CLANG_WARN_INFINITE_RECURSION = YES;
				CLANG_WARN_INT_CONVERSION = YES;
				CLANG_WARN_NON_LITERAL_NULL_CONVERSION = YES;
				CLANG_WARN_OBJC_IMPLICIT_RETAIN_SELF = YES;
				CLANG_WARN_OBJC_LITERAL_CONVERSION = YES;
				CLANG_WARN_OBJC_ROOT_CLASS = YES_ERROR;
				CLANG_WARN_RANGE_LOOP_ANALYSIS = YES;
				CLANG_WARN_STRICT_PROTOTYPES = YES;
				CLANG_WARN_SUSPICIOUS_MOVE = YES;
				CLANG_WARN_UNGUARDED_AVAILABILITY = YES_AGGRESSIVE;
				CLANG_WARN_UNREACHABLE_CODE = YES;
				CLANG_WARN__DUPLICATE_METHOD_MATCH = YES;
				CODE_SIGN_IDENTITY = "iPhone Developer";
				COPY_PHASE_STRIP = NO;
				DEBUG_INFORMATION_FORMAT = dwarf;
				ENABLE_STRICT_OBJC_MSGSEND = YES;
				ENABLE_TESTABILITY = YES;
				GCC_C_LANGUAGE_STANDARD = gnu11;
				GCC_DYNAMIC_NO_PIC = NO;
				GCC_NO_COMMON_BLOCKS = YES;
				GCC_OPTIMIZATION_LEVEL = 0;
				GCC_PREPROCESSOR_DEFINITIONS = (
					"DEBUG=1",
					"$(inherited)",
				);
				GCC_WARN_64_TO_32_BIT_CONVERSION = YES;
				GCC_WARN_ABOUT_RETURN_TYPE = YES_ERROR;
				GCC_WARN_UNDECLARED_SELECTOR = YES;
				GCC_WARN_UNINITIALIZED_AUTOS = YES_AGGRESSIVE;
				GCC_WARN_UNUSED_FUNCTION = YES;
				GCC_WARN_UNUSED_VARIABLE = YES;
				IPHONEOS_DEPLOYMENT_TARGET = 12.0;
				MTL_ENABLE_DEBUG_INFO = INCLUDE_SOURCE;
				MTL_FAST_MATH = YES;
				ONLY_ACTIVE_ARCH = YES;
				SDKROOT = iphoneos;
				SWIFT_ACTIVE_COMPILATION_CONDITIONS = DEBUG;
				SWIFT_OPTIMIZATION_LEVEL = "-Onone";
			};
			name = Debug;
		};
		8929BF3C219EDC0C0070AAAC /* Release */ = {
			isa = XCBuildConfiguration;
			buildSettings = {
				ALWAYS_SEARCH_USER_PATHS = NO;
				CLANG_ANALYZER_NONNULL = YES;
				CLANG_ANALYZER_NUMBER_OBJECT_CONVERSION = YES_AGGRESSIVE;
				CLANG_CXX_LANGUAGE_STANDARD = "gnu++14";
				CLANG_CXX_LIBRARY = "libc++";
				CLANG_ENABLE_MODULES = YES;
				CLANG_ENABLE_OBJC_ARC = YES;
				CLANG_ENABLE_OBJC_WEAK = YES;
				CLANG_WARN_BLOCK_CAPTURE_AUTORELEASING = YES;
				CLANG_WARN_BOOL_CONVERSION = YES;
				CLANG_WARN_COMMA = YES;
				CLANG_WARN_CONSTANT_CONVERSION = YES;
				CLANG_WARN_DEPRECATED_OBJC_IMPLEMENTATIONS = YES;
				CLANG_WARN_DIRECT_OBJC_ISA_USAGE = YES_ERROR;
				CLANG_WARN_DOCUMENTATION_COMMENTS = YES;
				CLANG_WARN_EMPTY_BODY = YES;
				CLANG_WARN_ENUM_CONVERSION = YES;
				CLANG_WARN_INFINITE_RECURSION = YES;
				CLANG_WARN_INT_CONVERSION = YES;
				CLANG_WARN_NON_LITERAL_NULL_CONVERSION = YES;
				CLANG_WARN_OBJC_IMPLICIT_RETAIN_SELF = YES;
				CLANG_WARN_OBJC_LITERAL_CONVERSION = YES;
				CLANG_WARN_OBJC_ROOT_CLASS = YES_ERROR;
				CLANG_WARN_RANGE_LOOP_ANALYSIS = YES;
				CLANG_WARN_STRICT_PROTOTYPES = YES;
				CLANG_WARN_SUSPICIOUS_MOVE = YES;
				CLANG_WARN_UNGUARDED_AVAILABILITY = YES_AGGRESSIVE;
				CLANG_WARN_UNREACHABLE_CODE = YES;
				CLANG_WARN__DUPLICATE_METHOD_MATCH = YES;
				CODE_SIGN_IDENTITY = "iPhone Developer";
				COPY_PHASE_STRIP = NO;
				DEBUG_INFORMATION_FORMAT = "dwarf-with-dsym";
				ENABLE_NS_ASSERTIONS = NO;
				ENABLE_STRICT_OBJC_MSGSEND = YES;
				GCC_C_LANGUAGE_STANDARD = gnu11;
				GCC_NO_COMMON_BLOCKS = YES;
				GCC_WARN_64_TO_32_BIT_CONVERSION = YES;
				GCC_WARN_ABOUT_RETURN_TYPE = YES_ERROR;
				GCC_WARN_UNDECLARED_SELECTOR = YES;
				GCC_WARN_UNINITIALIZED_AUTOS = YES_AGGRESSIVE;
				GCC_WARN_UNUSED_FUNCTION = YES;
				GCC_WARN_UNUSED_VARIABLE = YES;
				IPHONEOS_DEPLOYMENT_TARGET = 12.0;
				MTL_ENABLE_DEBUG_INFO = NO;
				MTL_FAST_MATH = YES;
				SDKROOT = iphoneos;
				SWIFT_COMPILATION_MODE = wholemodule;
				SWIFT_OPTIMIZATION_LEVEL = "-O";
				VALIDATE_PRODUCT = YES;
			};
			name = Release;
		};
		8929BF3E219EDC0C0070AAAC /* Debug */ = {
			isa = XCBuildConfiguration;
			baseConfigurationReference = 8EFADD309E236BFBFA5A40B0 /* Pods-test.debug.xcconfig */;
			buildSettings = {
				ASSETCATALOG_COMPILER_APPICON_NAME = AppIcon;
				CODE_SIGN_STYLE = Automatic;
				DEVELOPMENT_TEAM = 7YWHU2KMX7;
				INFOPLIST_FILE = test/Info.plist;
				IPHONEOS_DEPLOYMENT_TARGET = 10.0;
				LD_RUNPATH_SEARCH_PATHS = (
					"$(inherited)",
					"@executable_path/Frameworks",
				);
				PRODUCT_BUNDLE_IDENTIFIER = com.arrivy.test;
				PRODUCT_NAME = "$(TARGET_NAME)";
				SWIFT_VERSION = 4.2;
				TARGETED_DEVICE_FAMILY = "1,2";
			};
			name = Debug;
		};
		8929BF3F219EDC0C0070AAAC /* Release */ = {
			isa = XCBuildConfiguration;
			baseConfigurationReference = 487919E726A30CF96AD0136B /* Pods-test.release.xcconfig */;
			buildSettings = {
				ASSETCATALOG_COMPILER_APPICON_NAME = AppIcon;
				CODE_SIGN_STYLE = Automatic;
				DEVELOPMENT_TEAM = 7YWHU2KMX7;
				INFOPLIST_FILE = test/Info.plist;
				IPHONEOS_DEPLOYMENT_TARGET = 10.0;
				LD_RUNPATH_SEARCH_PATHS = (
					"$(inherited)",
					"@executable_path/Frameworks",
				);
				PRODUCT_BUNDLE_IDENTIFIER = com.arrivy.test;
				PRODUCT_NAME = "$(TARGET_NAME)";
				SWIFT_VERSION = 4.2;
				TARGETED_DEVICE_FAMILY = "1,2";
			};
			name = Release;
		};
		8929BF41219EDC0C0070AAAC /* Debug */ = {
			isa = XCBuildConfiguration;
			baseConfigurationReference = 649C93065C8F8AE9F7F66814 /* Pods-testTests.debug.xcconfig */;
			buildSettings = {
				ALWAYS_EMBED_SWIFT_STANDARD_LIBRARIES = YES;
				BUNDLE_LOADER = "$(TEST_HOST)";
				CODE_SIGN_STYLE = Automatic;
				DEVELOPMENT_TEAM = 7YWHU2KMX7;
				INFOPLIST_FILE = testTests/Info.plist;
				LD_RUNPATH_SEARCH_PATHS = (
					"$(inherited)",
					"@executable_path/Frameworks",
					"@loader_path/Frameworks",
				);
				PRODUCT_BUNDLE_IDENTIFIER = com.arrivy.testTests;
				PRODUCT_NAME = "$(TARGET_NAME)";
				SWIFT_VERSION = 4.2;
				TARGETED_DEVICE_FAMILY = "1,2";
				TEST_HOST = "$(BUILT_PRODUCTS_DIR)/test.app/test";
			};
			name = Debug;
		};
		8929BF42219EDC0C0070AAAC /* Release */ = {
			isa = XCBuildConfiguration;
			baseConfigurationReference = 4A8936F34E890D659C52DEA1 /* Pods-testTests.release.xcconfig */;
			buildSettings = {
				ALWAYS_EMBED_SWIFT_STANDARD_LIBRARIES = YES;
				BUNDLE_LOADER = "$(TEST_HOST)";
				CODE_SIGN_STYLE = Automatic;
				DEVELOPMENT_TEAM = 7YWHU2KMX7;
				INFOPLIST_FILE = testTests/Info.plist;
				LD_RUNPATH_SEARCH_PATHS = (
					"$(inherited)",
					"@executable_path/Frameworks",
					"@loader_path/Frameworks",
				);
				PRODUCT_BUNDLE_IDENTIFIER = com.arrivy.testTests;
				PRODUCT_NAME = "$(TARGET_NAME)";
				SWIFT_VERSION = 4.2;
				TARGETED_DEVICE_FAMILY = "1,2";
				TEST_HOST = "$(BUILT_PRODUCTS_DIR)/test.app/test";
			};
			name = Release;
		};
		8929BF44219EDC0C0070AAAC /* Debug */ = {
			isa = XCBuildConfiguration;
			baseConfigurationReference = 8F4EFDE842222B1DFAABCA05 /* Pods-testUITests.debug.xcconfig */;
			buildSettings = {
				ALWAYS_EMBED_SWIFT_STANDARD_LIBRARIES = YES;
				CODE_SIGN_STYLE = Automatic;
				DEVELOPMENT_TEAM = 7YWHU2KMX7;
				INFOPLIST_FILE = testUITests/Info.plist;
				LD_RUNPATH_SEARCH_PATHS = (
					"$(inherited)",
					"@executable_path/Frameworks",
					"@loader_path/Frameworks",
				);
				PRODUCT_BUNDLE_IDENTIFIER = com.arrivy.testUITests;
				PRODUCT_NAME = "$(TARGET_NAME)";
				SWIFT_VERSION = 4.2;
				TARGETED_DEVICE_FAMILY = "1,2";
				TEST_TARGET_NAME = test;
			};
			name = Debug;
		};
		8929BF45219EDC0C0070AAAC /* Release */ = {
			isa = XCBuildConfiguration;
			baseConfigurationReference = 36844F5A5AFC6BC4A527E8DD /* Pods-testUITests.release.xcconfig */;
			buildSettings = {
				ALWAYS_EMBED_SWIFT_STANDARD_LIBRARIES = YES;
				CODE_SIGN_STYLE = Automatic;
				DEVELOPMENT_TEAM = 7YWHU2KMX7;
				INFOPLIST_FILE = testUITests/Info.plist;
				LD_RUNPATH_SEARCH_PATHS = (
					"$(inherited)",
					"@executable_path/Frameworks",
					"@loader_path/Frameworks",
				);
				PRODUCT_BUNDLE_IDENTIFIER = com.arrivy.testUITests;
				PRODUCT_NAME = "$(TARGET_NAME)";
				SWIFT_VERSION = 4.2;
				TARGETED_DEVICE_FAMILY = "1,2";
				TEST_TARGET_NAME = test;
			};
			name = Release;
		};
/* End XCBuildConfiguration section */

/* Begin XCConfigurationList section */
		8929BF10219EDC0B0070AAAC /* Build configuration list for PBXProject "test" */ = {
			isa = XCConfigurationList;
			buildConfigurations = (
				8929BF3B219EDC0C0070AAAC /* Debug */,
				8929BF3C219EDC0C0070AAAC /* Release */,
			);
			defaultConfigurationIsVisible = 0;
			defaultConfigurationName = Release;
		};
		8929BF3D219EDC0C0070AAAC /* Build configuration list for PBXNativeTarget "test" */ = {
			isa = XCConfigurationList;
			buildConfigurations = (
				8929BF3E219EDC0C0070AAAC /* Debug */,
				8929BF3F219EDC0C0070AAAC /* Release */,
			);
			defaultConfigurationIsVisible = 0;
			defaultConfigurationName = Release;
		};
		8929BF40219EDC0C0070AAAC /* Build configuration list for PBXNativeTarget "testTests" */ = {
			isa = XCConfigurationList;
			buildConfigurations = (
				8929BF41219EDC0C0070AAAC /* Debug */,
				8929BF42219EDC0C0070AAAC /* Release */,
			);
			defaultConfigurationIsVisible = 0;
			defaultConfigurationName = Release;
		};
		8929BF43219EDC0C0070AAAC /* Build configuration list for PBXNativeTarget "testUITests" */ = {
			isa = XCConfigurationList;
			buildConfigurations = (
				8929BF44219EDC0C0070AAAC /* Debug */,
				8929BF45219EDC0C0070AAAC /* Release */,
			);
			defaultConfigurationIsVisible = 0;
			defaultConfigurationName = Release;
		};
/* End XCConfigurationList section */
	};
	rootObject = 8929BF0D219EDC0B0070AAAC /* Project object */;
}
